
Microsoft Visual Studio Solution File, Format Version 12.00
# Visual Studio Version 17
VisualStudioVersion = 17.1.31911.260
MinimumVisualStudioVersion = 10.0.40219.1
Project("{FAE04EC0-301F-11D3-BF4B-00C04F79EFBC}") = "PhotoCostDemo", "PhotoCostDemo\PhotoCostDemo.csproj", "{79AD4345-A67B-4B01-A230-FF11A0E92CF6}"
EndProject
Global
	GlobalSection(SolutionConfigurationPlatforms) = preSolution
		Debug|Any CPU = Debug|Any CPU
		Release|Any CPU = Release|Any CPU
	EndGlobalSection
	GlobalSection(ProjectConfigurationPlatforms) = postSolution
		{79AD4345-A67B-4B01-A230-FF11A0E92CF6}.Debug|Any CPU.ActiveCfg = Debug|Any CPU
		{79AD4345-A67B-4B01-A230-FF11A0E92CF6}.Debug|Any CPU.Build.0 = Debug|Any CPU
		{79AD4345-A67B-4B01-A230-FF11A0E92CF6}.Release|Any CPU.ActiveCfg = Release|Any CPU
		{79AD4345-A67B-4B01-A230-FF11A0E92CF6}.Release|Any CPU.Build.0 = Release|Any CPU
	EndGlobalSection
	GlobalSection(SolutionProperties) = preSolution
		HideSolutionNode = FALSE
	EndGlobalSection
	GlobalSection(ExtensibilityGlobals) = postSolution
		SolutionGuid = {5182EC39-41EB-401D-9B3F-E60ACDE65CBB}
	EndGlobalSection
EndGlobal
